
Microsoft Visual Studio Solution File, Format Version 12.00
# Visual Studio Version 17
VisualStudioVersion = 17.7.34003.232
MinimumVisualStudioVersion = 10.0.40219.1
Project("{FAE04EC0-301F-11D3-BF4B-00C04F79EFBC}") = "Ejercicio 5", "Ejercicio 5\Ejercicio 5.csproj", "{F1E50164-A5C2-405D-BFFD-2B07855435DE}"
EndProject
Project("{FAE04EC0-301F-11D3-BF4B-00C04F79EFBC}") = "Ejercicio4", "Ejercicio4\Ejercicio4.csproj", "{61319A82-4491-4AE3-B28A-900CAFF789D6}"
EndProject
Global
	GlobalSection(SolutionConfigurationPlatforms) = preSolution
		Debug|Any CPU = Debug|Any CPU
		Release|Any CPU = Release|Any CPU
	EndGlobalSection
	GlobalSection(ProjectConfigurationPlatforms) = postSolution
		{F1E50164-A5C2-405D-BFFD-2B07855435DE}.Debug|Any CPU.ActiveCfg = Debug|Any CPU
		{F1E50164-A5C2-405D-BFFD-2B07855435DE}.Debug|Any CPU.Build.0 = Debug|Any CPU
		{F1E50164-A5C2-405D-BFFD-2B07855435DE}.Release|Any CPU.ActiveCfg = Release|Any CPU
		{F1E50164-A5C2-405D-BFFD-2B07855435DE}.Release|Any CPU.Build.0 = Release|Any CPU
		{61319A82-4491-4AE3-B28A-900CAFF789D6}.Debug|Any CPU.ActiveCfg = Debug|Any CPU
		{61319A82-4491-4AE3-B28A-900CAFF789D6}.Debug|Any CPU.Build.0 = Debug|Any CPU
		{61319A82-4491-4AE3-B28A-900CAFF789D6}.Release|Any CPU.ActiveCfg = Release|Any CPU
		{61319A82-4491-4AE3-B28A-900CAFF789D6}.Release|Any CPU.Build.0 = Release|Any CPU
	EndGlobalSection
	GlobalSection(SolutionProperties) = preSolution
		HideSolutionNode = FALSE
	EndGlobalSection
	GlobalSection(ExtensibilityGlobals) = postSolution
		SolutionGuid = {42460FA9-8B91-41CF-8D16-040D474D8257}
	EndGlobalSection
EndGlobal
